
Microsoft Visual Studio Solution File, Format Version 12.00
# Visual Studio Version 17
VisualStudioVersion = 17.6.33706.43
MinimumVisualStudioVersion = 10.0.40219.1
Project("{FAE04EC0-301F-11D3-BF4B-00C04F79EFBC}") = "ISport.Odds", "ISport.Odds\ISport.Odds.csproj", "{AB1765BC-BA6F-4A37-85A4-BD9CEABF0519}"
EndProject
Global
	GlobalSection(SolutionConfigurationPlatforms) = preSolution
		Debug|Any CPU = Debug|Any CPU
		Release|Any CPU = Release|Any CPU
	EndGlobalSection
	GlobalSection(ProjectConfigurationPlatforms) = postSolution
		{AB1765BC-BA6F-4A37-85A4-BD9CEABF0519}.Debug|Any CPU.ActiveCfg = Debug|Any CPU
		{AB1765BC-BA6F-4A37-85A4-BD9CEABF0519}.Debug|Any CPU.Build.0 = Debug|Any CPU
		{AB1765BC-BA6F-4A37-85A4-BD9CEABF0519}.Release|Any CPU.ActiveCfg = Release|Any CPU
		{AB1765BC-BA6F-4A37-85A4-BD9CEABF0519}.Release|Any CPU.Build.0 = Release|Any CPU
	EndGlobalSection
	GlobalSection(SolutionProperties) = preSolution
		HideSolutionNode = FALSE
	EndGlobalSection
	GlobalSection(ExtensibilityGlobals) = postSolution
		SolutionGuid = {33A58DA5-F3D1-44BC-936E-0CA9BA6873A0}
	EndGlobalSection
EndGlobal
